
Microsoft Visual Studio Solution File, Format Version 12.00
# Visual Studio Version 16
VisualStudioVersion = 16.0.30907.101
MinimumVisualStudioVersion = 10.0.40219.1
Project("{8BC9CEB8-8B4A-11D0-8D11-00A0C91BC942}") = "PathfinderDLLv3", "PathfinderDLLv3\PathfinderDLLv3.vcxproj", "{1B7E3D4B-D06A-4ECD-B5E7-AFD3780447D1}"
EndProject
Global
	GlobalSection(SolutionConfigurationPlatforms) = preSolution
		Debug|x64 = Debug|x64
		Debug|x86 = Debug|x86
		Release|x64 = Release|x64
		Release|x86 = Release|x86
	EndGlobalSection
	GlobalSection(ProjectConfigurationPlatforms) = postSolution
		{1B7E3D4B-D06A-4ECD-B5E7-AFD3780447D1}.Debug|x64.ActiveCfg = Debug|x64
		{1B7E3D4B-D06A-4ECD-B5E7-AFD3780447D1}.Debug|x64.Build.0 = Debug|x64
		{1B7E3D4B-D06A-4ECD-B5E7-AFD3780447D1}.Debug|x86.ActiveCfg = Debug|Win32
		{1B7E3D4B-D06A-4ECD-B5E7-AFD3780447D1}.Debug|x86.Build.0 = Debug|Win32
		{1B7E3D4B-D06A-4ECD-B5E7-AFD3780447D1}.Release|x64.ActiveCfg = Release|x64
		{1B7E3D4B-D06A-4ECD-B5E7-AFD3780447D1}.Release|x64.Build.0 = Release|x64
		{1B7E3D4B-D06A-4ECD-B5E7-AFD3780447D1}.Release|x86.ActiveCfg = Release|Win32
		{1B7E3D4B-D06A-4ECD-B5E7-AFD3780447D1}.Release|x86.Build.0 = Release|Win32
	EndGlobalSection
	GlobalSection(SolutionProperties) = preSolution
		HideSolutionNode = FALSE
	EndGlobalSection
	GlobalSection(ExtensibilityGlobals) = postSolution
		SolutionGuid = {66292B51-43A7-4DE4-91D5-EC8D57E07D8E}
	EndGlobalSection
EndGlobal
